
Microsoft Visual Studio Solution File, Format Version 12.00
# Visual Studio Version 17
VisualStudioVersion = 17.5.33424.131
MinimumVisualStudioVersion = 10.0.40219.1
Project("{FAE04EC0-301F-11D3-BF4B-00C04F79EFBC}") = "MathQuiz", "MathQuiz.csproj", "{22F6B384-F7D7-4F60-8FB0-5BC5E9A21D88}"
EndProject
Global
	GlobalSection(SolutionConfigurationPlatforms) = preSolution
		Debug|Any CPU = Debug|Any CPU
		Release|Any CPU = Release|Any CPU
	EndGlobalSection
	GlobalSection(ProjectConfigurationPlatforms) = postSolution
		{22F6B384-F7D7-4F60-8FB0-5BC5E9A21D88}.Debug|Any CPU.ActiveCfg = Debug|Any CPU
		{22F6B384-F7D7-4F60-8FB0-5BC5E9A21D88}.Debug|Any CPU.Build.0 = Debug|Any CPU
		{22F6B384-F7D7-4F60-8FB0-5BC5E9A21D88}.Release|Any CPU.ActiveCfg = Release|Any CPU
		{22F6B384-F7D7-4F60-8FB0-5BC5E9A21D88}.Release|Any CPU.Build.0 = Release|Any CPU
	EndGlobalSection
	GlobalSection(SolutionProperties) = preSolution
		HideSolutionNode = FALSE
	EndGlobalSection
	GlobalSection(ExtensibilityGlobals) = postSolution
		SolutionGuid = {D02E8CCB-5944-4163-9E7D-0708BA4C92AE}
	EndGlobalSection
EndGlobal
